// !$*UTF8*$!
{
	archiveVersion = 1;
	classes = {
	};
	objectVersion = 46;
	objects = {

/* Begin PBXBuildFile section */
		FF1F71061BE8F14600DFD34D /* main.cpp in Sources */ = {isa = PBXBuildFile; fileRef = FF1F71051BE8F14600DFD34D /* main.cpp */; };
/* End PBXBuildFile section */

/* Begin PBXCopyFilesBuildPhase section */
		FF1F71001BE8F14500DFD34D /* CopyFiles */ = {
			isa = PBXCopyFilesBuildPhase;
			buildActionMask = 2147483647;
			dstPath = /usr/share/man/man1/;
			dstSubfolderSpec = 0;
			files = (
			);
			runOnlyForDeploymentPostprocessing = 1;
		};
/* End PBXCopyFilesBuildPhase section */

/* Begin PBXFileReference section */
		FF1F71021BE8F14600DFD34D /* Assignment: 编程平台测试（不计分） */ = {isa = PBXFileReference; explicitFileType = "compiled.mach-o.executable"; includeInIndex = 0; path = "Assignment: 编程平台测试（不计分）"; sourceTree = BUILT_PRODUCTS_DIR; };
		FF1F71051BE8F14600DFD34D /* main.cpp */ = {isa = PBXFileReference; lastKnownFileType = sourcecode.cpp.cpp; path = main.cpp; sourceTree = "<group>"; };
/* End PBXFileReference section */

/* Begin PBXFrameworksBuildPhase section */
		FF1F70FF1BE8F14500DFD34D /* Frameworks */ = {
			isa = PBXFrameworksBuildPhase;
			buildActionMask = 2147483647;
			files = (
			);
			runOnlyForDeploymentPostprocessing = 0;
		};
/* End PBXFrameworksBuildPhase section */

/* Begin PBXGroup section */
		FF1F70F91BE8F14500DFD34D = {
			isa = PBXGroup;
			children = (
				FF1F71041BE8F14600DFD34D /* Assignment: 编程平台测试（不计分） */,
				FF1F71031BE8F14600DFD34D /* Products */,
			);
			sourceTree = "<group>";
		};
		FF1F71031BE8F14600DFD34D /* Products */ = {
			isa = PBXGroup;
			children = (
				FF1F71021BE8F14600DFD34D /* Assignment: 编程平台测试（不计分） */,
			);
			name = Products;
			sourceTree = "<group>";
		};
		FF1F71041BE8F14600DFD34D /* Assignment: 编程平台测试（不计分） */ = {
			isa = PBXGroup;
			children = (
				FF1F71051BE8F14600DFD34D /* main.cpp */,
			);
			path = "Assignment: 编程平台测试（不计分）";
			sourceTree = "<group>";
		};
/* End PBXGroup section */

/* Begin PBXNativeTarget section */
		FF1F71011BE8F14500DFD34D /* Assignment: 编程平台测试（不计分） */ = {
			isa = PBXNativeTarget;
			buildConfigurationList = FF1F71091BE8F14600DFD34D /* Build configuration list for PBXNativeTarget "Assignment: 编程平台测试（不计分）" */;
			buildPhases = (
				FF1F70FE1BE8F14500DFD34D /* Sources */,
				FF1F70FF1BE8F14500DFD34D /* Frameworks */,
				FF1F71001BE8F14500DFD34D /* CopyFiles */,
			);
			buildRules = (
			);
			dependencies = (
			);
			name = "Assignment: 编程平台测试（不计分）";
			productName = "Assignment: 编程平台测试（不计分）";
			productReference = FF1F71021BE8F14600DFD34D /* Assignment: 编程平台测试（不计分） */;
			productType = "com.apple.product-type.tool";
		};
/* End PBXNativeTarget section */

/* Begin PBXProject section */
		FF1F70FA1BE8F14500DFD34D /* Project object */ = {
			isa = PBXProject;
			attributes = {
				LastUpgradeCheck = 0700;
				ORGANIZATIONNAME = CYC;
				TargetAttributes = {
					FF1F71011BE8F14500DFD34D = {
						CreatedOnToolsVersion = 7.0;
					};
				};
			};
			buildConfigurationList = FF1F70FD1BE8F14500DFD34D /* Build configuration list for PBXProject "Assignment: 编程平台测试（不计分）" */;
			compatibilityVersion = "Xcode 3.2";
			developmentRegion = English;
			hasScannedForEncodings = 0;
			knownRegions = (
				en,
			);
			mainGroup = FF1F70F91BE8F14500DFD34D;
			productRefGroup = FF1F71031BE8F14600DFD34D /* Products */;
			projectDirPath = "";
			projectRoot = "";
			targets = (
				FF1F71011BE8F14500DFD34D /* Assignment: 编程平台测试（不计分） */,
			);
		};
/* End PBXProject section */

/* Begin PBXSourcesBuildPhase section */
		FF1F70FE1BE8F14500DFD34D /* Sources */ = {
			isa = PBXSourcesBuildPhase;
			buildActionMask = 2147483647;
			files = (
				FF1F71061BE8F14600DFD34D /* main.cpp in Sources */,
			);
			runOnlyForDeploymentPostprocessing = 0;
		};
/* End PBXSourcesBuildPhase section */

/* Begin XCBuildConfiguration section */
		FF1F71071BE8F14600DFD34D /* Debug */ = {
			isa = XCBuildConfiguration;
			buildSettings = {
				ALWAYS_SEARCH_USER_PATHS = NO;
				CLANG_CXX_LANGUAGE_STANDARD = "gnu++0x";
				CLANG_CXX_LIBRARY = "libc++";
				CLANG_ENABLE_MODULES = YES;
				CLANG_ENABLE_OBJC_ARC = YES;
				CLANG_WARN_BOOL_CONVERSION = YES;
				CLANG_WARN_CONSTANT_CONVERSION = YES;
				CLANG_WARN_DIRECT_OBJC_ISA_USAGE = YES_ERROR;
				CLANG_WARN_EMPTY_BODY = YES;
				CLANG_WARN_ENUM_CONVERSION = YES;
				CLANG_WARN_INT_CONVERSION = YES;
				CLANG_WARN_OBJC_ROOT_CLASS = YES_ERROR;
				CLANG_WARN_UNREACHABLE_CODE = YES;
				CLANG_WARN__DUPLICATE_METHOD_MATCH = YES;
				COPY_PHASE_STRIP = NO;
				DEBUG_INFORMATION_FORMAT = dwarf;
				ENABLE_STRICT_OBJC_MSGSEND = YES;
				ENABLE_TESTABILITY = YES;
				GCC_C_LANGUAGE_STANDARD = gnu99;
				GCC_DYNAMIC_NO_PIC = NO;
				GCC_NO_COMMON_BLOCKS = YES;
				GCC_OPTIMIZATION_LEVEL = 0;
				GCC_PREPROCESSOR_DEFINITIONS = (
					"DEBUG=1",
					"$(inherited)",
				);
				GCC_WARN_64_TO_32_BIT_CONVERSION = YES;
				GCC_WARN_ABOUT_RETURN_TYPE = YES_ERROR;
				GCC_WARN_UNDECLARED_SELECTOR = YES;
				GCC_WARN_UNINITIALIZED_AUTOS = YES_AGGRESSIVE;
				GCC_WARN_UNUSED_FUNCTION = YES;
				GCC_WARN_UNUSED_VARIABLE = YES;
				MACOSX_DEPLOYMENT_TARGET = 10.10;
				MTL_ENABLE_DEBUG_INFO = YES;
				ONLY_ACTIVE_ARCH = YES;
				SDKROOT = macosx;
			};
			name = Debug;
		};
		FF1F71081BE8F14600DFD34D /* Release */ = {
			isa = XCBuildConfiguration;
			buildSettings = {
				ALWAYS_SEARCH_USER_PATHS = NO;
				CLANG_CXX_LANGUAGE_STANDARD = "gnu++0x";
				CLANG_CXX_LIBRARY = "libc++";
				CLANG_ENABLE_MODULES = YES;
				CLANG_ENABLE_OBJC_ARC = YES;
				CLANG_WARN_BOOL_CONVERSION = YES;
				CLANG_WARN_CONSTANT_CONVERSION = YES;
				CLANG_WARN_DIRECT_OBJC_ISA_USAGE = YES_ERROR;
				CLANG_WARN_EMPTY_BODY = YES;
				CLANG_WARN_ENUM_CONVERSION = YES;
				CLANG_WARN_INT_CONVERSION = YES;
				CLANG_WARN_OBJC_ROOT_CLASS = YES_ERROR;
				CLANG_WARN_UNREACHABLE_CODE = YES;
				CLANG_WARN__DUPLICATE_METHOD_MATCH = YES;
				COPY_PHASE_STRIP = NO;
				DEBUG_INFORMATION_FORMAT = "dwarf-with-dsym";
				ENABLE_NS_ASSERTIONS = NO;
				ENABLE_STRICT_OBJC_MSGSEND = YES;
				GCC_C_LANGUAGE_STANDARD = gnu99;
				GCC_NO_COMMON_BLOCKS = YES;
				GCC_WARN_64_TO_32_BIT_CONVERSION = YES;
				GCC_WARN_ABOUT_RETURN_TYPE = YES_ERROR;
				GCC_WARN_UNDECLARED_SELECTOR = YES;
				GCC_WARN_UNINITIALIZED_AUTOS = YES_AGGRESSIVE;
				GCC_WARN_UNUSED_FUNCTION = YES;
				GCC_WARN_UNUSED_VARIABLE = YES;
				MACOSX_DEPLOYMENT_TARGET = 10.10;
				MTL_ENABLE_DEBUG_INFO = NO;
				SDKROOT = macosx;
			};
			name = Release;
		};
		FF1F710A1BE8F14600DFD34D /* Debug */ = {
			isa = XCBuildConfiguration;
			buildSettings = {
				PRODUCT_NAME = "$(TARGET_NAME)";
			};
			name = Debug;
		};
		FF1F710B1BE8F14600DFD34D /* Release */ = {
			isa = XCBuildConfiguration;
			buildSettings = {
				PRODUCT_NAME = "$(TARGET_NAME)";
			};
			name = Release;
		};
/* End XCBuildConfiguration section */

/* Begin XCConfigurationList section */
		FF1F70FD1BE8F14500DFD34D /* Build configuration list for PBXProject "Assignment: 编程平台测试（不计分）" */ = {
			isa = XCConfigurationList;
			buildConfigurations = (
				FF1F71071BE8F14600DFD34D /* Debug */,
				FF1F71081BE8F14600DFD34D /* Release */,
			);
			defaultConfigurationIsVisible = 0;
			defaultConfigurationName = Release;
		};
		FF1F71091BE8F14600DFD34D /* Build configuration list for PBXNativeTarget "Assignment: 编程平台测试（不计分）" */ = {
			isa = XCConfigurationList;
			buildConfigurations = (
				FF1F710A1BE8F14600DFD34D /* Debug */,
				FF1F710B1BE8F14600DFD34D /* Release */,
			);
			defaultConfigurationIsVisible = 0;
		};
/* End XCConfigurationList section */
	};
	rootObject = FF1F70FA1BE8F14500DFD34D /* Project object */;
}
