// !$*UTF8*$!
{
	archiveVersion = 1;
	classes = {
	};
	objectVersion = 46;
	objects = {

/* Begin PBXBuildFile section */
		FF78C2EC1B613FBE0073BE23 /* main.cpp in Sources */ = {isa = PBXBuildFile; fileRef = FF78C2EB1B613FBE0073BE23 /* main.cpp */; };
/* End PBXBuildFile section */

/* Begin PBXCopyFilesBuildPhase section */
		FF78C2E61B613FBE0073BE23 /* CopyFiles */ = {
			isa = PBXCopyFilesBuildPhase;
			buildActionMask = 2147483647;
			dstPath = /usr/share/man/man1/;
			dstSubfolderSpec = 0;
			files = (
			);
			runOnlyForDeploymentPostprocessing = 1;
		};
/* End PBXCopyFilesBuildPhase section */

/* Begin PBXFileReference section */
		FF78C2E81B613FBE0073BE23 /* 编程题3： 奇偶排序（二） */ = {isa = PBXFileReference; explicitFileType = "compiled.mach-o.executable"; includeInIndex = 0; path = "编程题3： 奇偶排序（二）"; sourceTree = BUILT_PRODUCTS_DIR; };
		FF78C2EB1B613FBE0073BE23 /* main.cpp */ = {isa = PBXFileReference; lastKnownFileType = sourcecode.cpp.cpp; path = main.cpp; sourceTree = "<group>"; };
/* End PBXFileReference section */

/* Begin PBXFrameworksBuildPhase section */
		FF78C2E51B613FBE0073BE23 /* Frameworks */ = {
			isa = PBXFrameworksBuildPhase;
			buildActionMask = 2147483647;
			files = (
			);
			runOnlyForDeploymentPostprocessing = 0;
		};
/* End PBXFrameworksBuildPhase section */

/* Begin PBXGroup section */
		FF78C2DF1B613FBE0073BE23 = {
			isa = PBXGroup;
			children = (
				FF78C2EA1B613FBE0073BE23 /* 编程题3： 奇偶排序（二） */,
				FF78C2E91B613FBE0073BE23 /* Products */,
			);
			sourceTree = "<group>";
		};
		FF78C2E91B613FBE0073BE23 /* Products */ = {
			isa = PBXGroup;
			children = (
				FF78C2E81B613FBE0073BE23 /* 编程题3： 奇偶排序（二） */,
			);
			name = Products;
			sourceTree = "<group>";
		};
		FF78C2EA1B613FBE0073BE23 /* 编程题3： 奇偶排序（二） */ = {
			isa = PBXGroup;
			children = (
				FF78C2EB1B613FBE0073BE23 /* main.cpp */,
			);
			path = "编程题3： 奇偶排序（二）";
			sourceTree = "<group>";
		};
/* End PBXGroup section */

/* Begin PBXNativeTarget section */
		FF78C2E71B613FBE0073BE23 /* 编程题3： 奇偶排序（二） */ = {
			isa = PBXNativeTarget;
			buildConfigurationList = FF78C2EF1B613FBE0073BE23 /* Build configuration list for PBXNativeTarget "编程题3： 奇偶排序（二）" */;
			buildPhases = (
				FF78C2E41B613FBE0073BE23 /* Sources */,
				FF78C2E51B613FBE0073BE23 /* Frameworks */,
				FF78C2E61B613FBE0073BE23 /* CopyFiles */,
			);
			buildRules = (
			);
			dependencies = (
			);
			name = "编程题3： 奇偶排序（二）";
			productName = "编程题3： 奇偶排序（二）";
			productReference = FF78C2E81B613FBE0073BE23 /* 编程题3： 奇偶排序（二） */;
			productType = "com.apple.product-type.tool";
		};
/* End PBXNativeTarget section */

/* Begin PBXProject section */
		FF78C2E01B613FBE0073BE23 /* Project object */ = {
			isa = PBXProject;
			attributes = {
				LastUpgradeCheck = 0700;
				ORGANIZATIONNAME = CYC;
				TargetAttributes = {
					FF78C2E71B613FBE0073BE23 = {
						CreatedOnToolsVersion = 7.0;
					};
				};
			};
			buildConfigurationList = FF78C2E31B613FBE0073BE23 /* Build configuration list for PBXProject "编程题3： 奇偶排序（二）" */;
			compatibilityVersion = "Xcode 3.2";
			developmentRegion = English;
			hasScannedForEncodings = 0;
			knownRegions = (
				en,
			);
			mainGroup = FF78C2DF1B613FBE0073BE23;
			productRefGroup = FF78C2E91B613FBE0073BE23 /* Products */;
			projectDirPath = "";
			projectRoot = "";
			targets = (
				FF78C2E71B613FBE0073BE23 /* 编程题3： 奇偶排序（二） */,
			);
		};
/* End PBXProject section */

/* Begin PBXSourcesBuildPhase section */
		FF78C2E41B613FBE0073BE23 /* Sources */ = {
			isa = PBXSourcesBuildPhase;
			buildActionMask = 2147483647;
			files = (
				FF78C2EC1B613FBE0073BE23 /* main.cpp in Sources */,
			);
			runOnlyForDeploymentPostprocessing = 0;
		};
/* End PBXSourcesBuildPhase section */

/* Begin XCBuildConfiguration section */
		FF78C2ED1B613FBE0073BE23 /* Debug */ = {
			isa = XCBuildConfiguration;
			buildSettings = {
				ALWAYS_SEARCH_USER_PATHS = NO;
				CLANG_CXX_LANGUAGE_STANDARD = "gnu++0x";
				CLANG_CXX_LIBRARY = "libc++";
				CLANG_ENABLE_MODULES = YES;
				CLANG_ENABLE_OBJC_ARC = YES;
				CLANG_WARN_BOOL_CONVERSION = YES;
				CLANG_WARN_CONSTANT_CONVERSION = YES;
				CLANG_WARN_DIRECT_OBJC_ISA_USAGE = YES_ERROR;
				CLANG_WARN_EMPTY_BODY = YES;
				CLANG_WARN_ENUM_CONVERSION = YES;
				CLANG_WARN_INT_CONVERSION = YES;
				CLANG_WARN_OBJC_ROOT_CLASS = YES_ERROR;
				CLANG_WARN_UNREACHABLE_CODE = YES;
				CLANG_WARN__DUPLICATE_METHOD_MATCH = YES;
				COPY_PHASE_STRIP = NO;
				DEBUG_INFORMATION_FORMAT = dwarf;
				ENABLE_STRICT_OBJC_MSGSEND = YES;
				ENABLE_TESTABILITY = YES;
				GCC_C_LANGUAGE_STANDARD = gnu99;
				GCC_DYNAMIC_NO_PIC = NO;
				GCC_NO_COMMON_BLOCKS = YES;
				GCC_OPTIMIZATION_LEVEL = 0;
				GCC_PREPROCESSOR_DEFINITIONS = (
					"DEBUG=1",
					"$(inherited)",
				);
				GCC_WARN_64_TO_32_BIT_CONVERSION = YES;
				GCC_WARN_ABOUT_RETURN_TYPE = YES_ERROR;
				GCC_WARN_UNDECLARED_SELECTOR = YES;
				GCC_WARN_UNINITIALIZED_AUTOS = YES_AGGRESSIVE;
				GCC_WARN_UNUSED_FUNCTION = YES;
				GCC_WARN_UNUSED_VARIABLE = YES;
				MACOSX_DEPLOYMENT_TARGET = 10.10;
				MTL_ENABLE_DEBUG_INFO = YES;
				ONLY_ACTIVE_ARCH = YES;
				SDKROOT = macosx;
			};
			name = Debug;
		};
		FF78C2EE1B613FBE0073BE23 /* Release */ = {
			isa = XCBuildConfiguration;
			buildSettings = {
				ALWAYS_SEARCH_USER_PATHS = NO;
				CLANG_CXX_LANGUAGE_STANDARD = "gnu++0x";
				CLANG_CXX_LIBRARY = "libc++";
				CLANG_ENABLE_MODULES = YES;
				CLANG_ENABLE_OBJC_ARC = YES;
				CLANG_WARN_BOOL_CONVERSION = YES;
				CLANG_WARN_CONSTANT_CONVERSION = YES;
				CLANG_WARN_DIRECT_OBJC_ISA_USAGE = YES_ERROR;
				CLANG_WARN_EMPTY_BODY = YES;
				CLANG_WARN_ENUM_CONVERSION = YES;
				CLANG_WARN_INT_CONVERSION = YES;
				CLANG_WARN_OBJC_ROOT_CLASS = YES_ERROR;
				CLANG_WARN_UNREACHABLE_CODE = YES;
				CLANG_WARN__DUPLICATE_METHOD_MATCH = YES;
				COPY_PHASE_STRIP = NO;
				DEBUG_INFORMATION_FORMAT = "dwarf-with-dsym";
				ENABLE_NS_ASSERTIONS = NO;
				ENABLE_STRICT_OBJC_MSGSEND = YES;
				GCC_C_LANGUAGE_STANDARD = gnu99;
				GCC_NO_COMMON_BLOCKS = YES;
				GCC_WARN_64_TO_32_BIT_CONVERSION = YES;
				GCC_WARN_ABOUT_RETURN_TYPE = YES_ERROR;
				GCC_WARN_UNDECLARED_SELECTOR = YES;
				GCC_WARN_UNINITIALIZED_AUTOS = YES_AGGRESSIVE;
				GCC_WARN_UNUSED_FUNCTION = YES;
				GCC_WARN_UNUSED_VARIABLE = YES;
				MACOSX_DEPLOYMENT_TARGET = 10.10;
				MTL_ENABLE_DEBUG_INFO = NO;
				SDKROOT = macosx;
			};
			name = Release;
		};
		FF78C2F01B613FBE0073BE23 /* Debug */ = {
			isa = XCBuildConfiguration;
			buildSettings = {
				PRODUCT_NAME = "$(TARGET_NAME)";
			};
			name = Debug;
		};
		FF78C2F11B613FBE0073BE23 /* Release */ = {
			isa = XCBuildConfiguration;
			buildSettings = {
				PRODUCT_NAME = "$(TARGET_NAME)";
			};
			name = Release;
		};
/* End XCBuildConfiguration section */

/* Begin XCConfigurationList section */
		FF78C2E31B613FBE0073BE23 /* Build configuration list for PBXProject "编程题3： 奇偶排序（二）" */ = {
			isa = XCConfigurationList;
			buildConfigurations = (
				FF78C2ED1B613FBE0073BE23 /* Debug */,
				FF78C2EE1B613FBE0073BE23 /* Release */,
			);
			defaultConfigurationIsVisible = 0;
			defaultConfigurationName = Release;
		};
		FF78C2EF1B613FBE0073BE23 /* Build configuration list for PBXNativeTarget "编程题3： 奇偶排序（二）" */ = {
			isa = XCConfigurationList;
			buildConfigurations = (
				FF78C2F01B613FBE0073BE23 /* Debug */,
				FF78C2F11B613FBE0073BE23 /* Release */,
			);
			defaultConfigurationIsVisible = 0;
		};
/* End XCConfigurationList section */
	};
	rootObject = FF78C2E01B613FBE0073BE23 /* Project object */;
}
