// !$*UTF8*$!
{
	archiveVersion = 1;
	classes = {
	};
	objectVersion = 46;
	objects = {

/* Begin PBXBuildFile section */
		FF4B809E1BA3764500D2F95C /* main.cpp in Sources */ = {isa = PBXBuildFile; fileRef = FF4B809D1BA3764500D2F95C /* main.cpp */; };
/* End PBXBuildFile section */

/* Begin PBXCopyFilesBuildPhase section */
		FF4B80981BA3764500D2F95C /* CopyFiles */ = {
			isa = PBXCopyFilesBuildPhase;
			buildActionMask = 2147483647;
			dstPath = /usr/share/man/man1/;
			dstSubfolderSpec = 0;
			files = (
			);
			runOnlyForDeploymentPostprocessing = 1;
		};
/* End PBXCopyFilesBuildPhase section */

/* Begin PBXFileReference section */
		FF4B809A1BA3764500D2F95C /* 编程题＃2：四大湖 */ = {isa = PBXFileReference; explicitFileType = "compiled.mach-o.executable"; includeInIndex = 0; path = "编程题＃2：四大湖"; sourceTree = BUILT_PRODUCTS_DIR; };
		FF4B809D1BA3764500D2F95C /* main.cpp */ = {isa = PBXFileReference; lastKnownFileType = sourcecode.cpp.cpp; path = main.cpp; sourceTree = "<group>"; };
/* End PBXFileReference section */

/* Begin PBXFrameworksBuildPhase section */
		FF4B80971BA3764500D2F95C /* Frameworks */ = {
			isa = PBXFrameworksBuildPhase;
			buildActionMask = 2147483647;
			files = (
			);
			runOnlyForDeploymentPostprocessing = 0;
		};
/* End PBXFrameworksBuildPhase section */

/* Begin PBXGroup section */
		FF4B80911BA3764500D2F95C = {
			isa = PBXGroup;
			children = (
				FF4B809C1BA3764500D2F95C /* 编程题＃2：四大湖 */,
				FF4B809B1BA3764500D2F95C /* Products */,
			);
			sourceTree = "<group>";
		};
		FF4B809B1BA3764500D2F95C /* Products */ = {
			isa = PBXGroup;
			children = (
				FF4B809A1BA3764500D2F95C /* 编程题＃2：四大湖 */,
			);
			name = Products;
			sourceTree = "<group>";
		};
		FF4B809C1BA3764500D2F95C /* 编程题＃2：四大湖 */ = {
			isa = PBXGroup;
			children = (
				FF4B809D1BA3764500D2F95C /* main.cpp */,
			);
			path = "编程题＃2：四大湖";
			sourceTree = "<group>";
		};
/* End PBXGroup section */

/* Begin PBXNativeTarget section */
		FF4B80991BA3764500D2F95C /* 编程题＃2：四大湖 */ = {
			isa = PBXNativeTarget;
			buildConfigurationList = FF4B80A11BA3764500D2F95C /* Build configuration list for PBXNativeTarget "编程题＃2：四大湖" */;
			buildPhases = (
				FF4B80961BA3764500D2F95C /* Sources */,
				FF4B80971BA3764500D2F95C /* Frameworks */,
				FF4B80981BA3764500D2F95C /* CopyFiles */,
			);
			buildRules = (
			);
			dependencies = (
			);
			name = "编程题＃2：四大湖";
			productName = "编程题＃2：四大湖";
			productReference = FF4B809A1BA3764500D2F95C /* 编程题＃2：四大湖 */;
			productType = "com.apple.product-type.tool";
		};
/* End PBXNativeTarget section */

/* Begin PBXProject section */
		FF4B80921BA3764500D2F95C /* Project object */ = {
			isa = PBXProject;
			attributes = {
				LastUpgradeCheck = 0700;
				ORGANIZATIONNAME = CYC;
				TargetAttributes = {
					FF4B80991BA3764500D2F95C = {
						CreatedOnToolsVersion = 7.0;
					};
				};
			};
			buildConfigurationList = FF4B80951BA3764500D2F95C /* Build configuration list for PBXProject "编程题＃2：四大湖" */;
			compatibilityVersion = "Xcode 3.2";
			developmentRegion = English;
			hasScannedForEncodings = 0;
			knownRegions = (
				en,
			);
			mainGroup = FF4B80911BA3764500D2F95C;
			productRefGroup = FF4B809B1BA3764500D2F95C /* Products */;
			projectDirPath = "";
			projectRoot = "";
			targets = (
				FF4B80991BA3764500D2F95C /* 编程题＃2：四大湖 */,
			);
		};
/* End PBXProject section */

/* Begin PBXSourcesBuildPhase section */
		FF4B80961BA3764500D2F95C /* Sources */ = {
			isa = PBXSourcesBuildPhase;
			buildActionMask = 2147483647;
			files = (
				FF4B809E1BA3764500D2F95C /* main.cpp in Sources */,
			);
			runOnlyForDeploymentPostprocessing = 0;
		};
/* End PBXSourcesBuildPhase section */

/* Begin XCBuildConfiguration section */
		FF4B809F1BA3764500D2F95C /* Debug */ = {
			isa = XCBuildConfiguration;
			buildSettings = {
				ALWAYS_SEARCH_USER_PATHS = NO;
				CLANG_CXX_LANGUAGE_STANDARD = "gnu++0x";
				CLANG_CXX_LIBRARY = "libc++";
				CLANG_ENABLE_MODULES = YES;
				CLANG_ENABLE_OBJC_ARC = YES;
				CLANG_WARN_BOOL_CONVERSION = YES;
				CLANG_WARN_CONSTANT_CONVERSION = YES;
				CLANG_WARN_DIRECT_OBJC_ISA_USAGE = YES_ERROR;
				CLANG_WARN_EMPTY_BODY = YES;
				CLANG_WARN_ENUM_CONVERSION = YES;
				CLANG_WARN_INT_CONVERSION = YES;
				CLANG_WARN_OBJC_ROOT_CLASS = YES_ERROR;
				CLANG_WARN_UNREACHABLE_CODE = YES;
				CLANG_WARN__DUPLICATE_METHOD_MATCH = YES;
				COPY_PHASE_STRIP = NO;
				DEBUG_INFORMATION_FORMAT = dwarf;
				ENABLE_STRICT_OBJC_MSGSEND = YES;
				ENABLE_TESTABILITY = YES;
				GCC_C_LANGUAGE_STANDARD = gnu99;
				GCC_DYNAMIC_NO_PIC = NO;
				GCC_NO_COMMON_BLOCKS = YES;
				GCC_OPTIMIZATION_LEVEL = 0;
				GCC_PREPROCESSOR_DEFINITIONS = (
					"DEBUG=1",
					"$(inherited)",
				);
				GCC_WARN_64_TO_32_BIT_CONVERSION = YES;
				GCC_WARN_ABOUT_RETURN_TYPE = YES_ERROR;
				GCC_WARN_UNDECLARED_SELECTOR = YES;
				GCC_WARN_UNINITIALIZED_AUTOS = YES_AGGRESSIVE;
				GCC_WARN_UNUSED_FUNCTION = YES;
				GCC_WARN_UNUSED_VARIABLE = YES;
				MACOSX_DEPLOYMENT_TARGET = 10.10;
				MTL_ENABLE_DEBUG_INFO = YES;
				ONLY_ACTIVE_ARCH = YES;
				SDKROOT = macosx;
			};
			name = Debug;
		};
		FF4B80A01BA3764500D2F95C /* Release */ = {
			isa = XCBuildConfiguration;
			buildSettings = {
				ALWAYS_SEARCH_USER_PATHS = NO;
				CLANG_CXX_LANGUAGE_STANDARD = "gnu++0x";
				CLANG_CXX_LIBRARY = "libc++";
				CLANG_ENABLE_MODULES = YES;
				CLANG_ENABLE_OBJC_ARC = YES;
				CLANG_WARN_BOOL_CONVERSION = YES;
				CLANG_WARN_CONSTANT_CONVERSION = YES;
				CLANG_WARN_DIRECT_OBJC_ISA_USAGE = YES_ERROR;
				CLANG_WARN_EMPTY_BODY = YES;
				CLANG_WARN_ENUM_CONVERSION = YES;
				CLANG_WARN_INT_CONVERSION = YES;
				CLANG_WARN_OBJC_ROOT_CLASS = YES_ERROR;
				CLANG_WARN_UNREACHABLE_CODE = YES;
				CLANG_WARN__DUPLICATE_METHOD_MATCH = YES;
				COPY_PHASE_STRIP = NO;
				DEBUG_INFORMATION_FORMAT = "dwarf-with-dsym";
				ENABLE_NS_ASSERTIONS = NO;
				ENABLE_STRICT_OBJC_MSGSEND = YES;
				GCC_C_LANGUAGE_STANDARD = gnu99;
				GCC_NO_COMMON_BLOCKS = YES;
				GCC_WARN_64_TO_32_BIT_CONVERSION = YES;
				GCC_WARN_ABOUT_RETURN_TYPE = YES_ERROR;
				GCC_WARN_UNDECLARED_SELECTOR = YES;
				GCC_WARN_UNINITIALIZED_AUTOS = YES_AGGRESSIVE;
				GCC_WARN_UNUSED_FUNCTION = YES;
				GCC_WARN_UNUSED_VARIABLE = YES;
				MACOSX_DEPLOYMENT_TARGET = 10.10;
				MTL_ENABLE_DEBUG_INFO = NO;
				SDKROOT = macosx;
			};
			name = Release;
		};
		FF4B80A21BA3764500D2F95C /* Debug */ = {
			isa = XCBuildConfiguration;
			buildSettings = {
				PRODUCT_NAME = "$(TARGET_NAME)";
			};
			name = Debug;
		};
		FF4B80A31BA3764500D2F95C /* Release */ = {
			isa = XCBuildConfiguration;
			buildSettings = {
				PRODUCT_NAME = "$(TARGET_NAME)";
			};
			name = Release;
		};
/* End XCBuildConfiguration section */

/* Begin XCConfigurationList section */
		FF4B80951BA3764500D2F95C /* Build configuration list for PBXProject "编程题＃2：四大湖" */ = {
			isa = XCConfigurationList;
			buildConfigurations = (
				FF4B809F1BA3764500D2F95C /* Debug */,
				FF4B80A01BA3764500D2F95C /* Release */,
			);
			defaultConfigurationIsVisible = 0;
			defaultConfigurationName = Release;
		};
		FF4B80A11BA3764500D2F95C /* Build configuration list for PBXNativeTarget "编程题＃2：四大湖" */ = {
			isa = XCConfigurationList;
			buildConfigurations = (
				FF4B80A21BA3764500D2F95C /* Debug */,
				FF4B80A31BA3764500D2F95C /* Release */,
			);
			defaultConfigurationIsVisible = 0;
		};
/* End XCConfigurationList section */
	};
	rootObject = FF4B80921BA3764500D2F95C /* Project object */;
}
