// !$*UTF8*$!
{
	archiveVersion = 1;
	classes = {
	};
	objectVersion = 46;
	objects = {

/* Begin PBXBuildFile section */
		FFFF7CA51BC598CB00370F65 /* main.cpp in Sources */ = {isa = PBXBuildFile; fileRef = FFFF7CA41BC598CB00370F65 /* main.cpp */; };
/* End PBXBuildFile section */

/* Begin PBXCopyFilesBuildPhase section */
		FFFF7C9F1BC598CB00370F65 /* CopyFiles */ = {
			isa = PBXCopyFilesBuildPhase;
			buildActionMask = 2147483647;
			dstPath = /usr/share/man/man1/;
			dstSubfolderSpec = 0;
			files = (
			);
			runOnlyForDeploymentPostprocessing = 1;
		};
/* End PBXCopyFilesBuildPhase section */

/* Begin PBXFileReference section */
		FFFF7CA11BC598CB00370F65 /* 编程题＃2: 二维数组右上左下遍历 */ = {isa = PBXFileReference; explicitFileType = "compiled.mach-o.executable"; includeInIndex = 0; path = "编程题＃2: 二维数组右上左下遍历"; sourceTree = BUILT_PRODUCTS_DIR; };
		FFFF7CA41BC598CB00370F65 /* main.cpp */ = {isa = PBXFileReference; lastKnownFileType = sourcecode.cpp.cpp; path = main.cpp; sourceTree = "<group>"; };
/* End PBXFileReference section */

/* Begin PBXFrameworksBuildPhase section */
		FFFF7C9E1BC598CB00370F65 /* Frameworks */ = {
			isa = PBXFrameworksBuildPhase;
			buildActionMask = 2147483647;
			files = (
			);
			runOnlyForDeploymentPostprocessing = 0;
		};
/* End PBXFrameworksBuildPhase section */

/* Begin PBXGroup section */
		FFFF7C981BC598CA00370F65 = {
			isa = PBXGroup;
			children = (
				FFFF7CA31BC598CB00370F65 /* 编程题＃2: 二维数组右上左下遍历 */,
				FFFF7CA21BC598CB00370F65 /* Products */,
			);
			sourceTree = "<group>";
		};
		FFFF7CA21BC598CB00370F65 /* Products */ = {
			isa = PBXGroup;
			children = (
				FFFF7CA11BC598CB00370F65 /* 编程题＃2: 二维数组右上左下遍历 */,
			);
			name = Products;
			sourceTree = "<group>";
		};
		FFFF7CA31BC598CB00370F65 /* 编程题＃2: 二维数组右上左下遍历 */ = {
			isa = PBXGroup;
			children = (
				FFFF7CA41BC598CB00370F65 /* main.cpp */,
			);
			path = "编程题＃2: 二维数组右上左下遍历";
			sourceTree = "<group>";
		};
/* End PBXGroup section */

/* Begin PBXNativeTarget section */
		FFFF7CA01BC598CB00370F65 /* 编程题＃2: 二维数组右上左下遍历 */ = {
			isa = PBXNativeTarget;
			buildConfigurationList = FFFF7CA81BC598CB00370F65 /* Build configuration list for PBXNativeTarget "编程题＃2: 二维数组右上左下遍历" */;
			buildPhases = (
				FFFF7C9D1BC598CB00370F65 /* Sources */,
				FFFF7C9E1BC598CB00370F65 /* Frameworks */,
				FFFF7C9F1BC598CB00370F65 /* CopyFiles */,
			);
			buildRules = (
			);
			dependencies = (
			);
			name = "编程题＃2: 二维数组右上左下遍历";
			productName = "编程题＃2: 二维数组右上左下遍历";
			productReference = FFFF7CA11BC598CB00370F65 /* 编程题＃2: 二维数组右上左下遍历 */;
			productType = "com.apple.product-type.tool";
		};
/* End PBXNativeTarget section */

/* Begin PBXProject section */
		FFFF7C991BC598CA00370F65 /* Project object */ = {
			isa = PBXProject;
			attributes = {
				LastUpgradeCheck = 0700;
				ORGANIZATIONNAME = CYC;
				TargetAttributes = {
					FFFF7CA01BC598CB00370F65 = {
						CreatedOnToolsVersion = 7.0;
					};
				};
			};
			buildConfigurationList = FFFF7C9C1BC598CB00370F65 /* Build configuration list for PBXProject "编程题＃2: 二维数组右上左下遍历" */;
			compatibilityVersion = "Xcode 3.2";
			developmentRegion = English;
			hasScannedForEncodings = 0;
			knownRegions = (
				en,
			);
			mainGroup = FFFF7C981BC598CA00370F65;
			productRefGroup = FFFF7CA21BC598CB00370F65 /* Products */;
			projectDirPath = "";
			projectRoot = "";
			targets = (
				FFFF7CA01BC598CB00370F65 /* 编程题＃2: 二维数组右上左下遍历 */,
			);
		};
/* End PBXProject section */

/* Begin PBXSourcesBuildPhase section */
		FFFF7C9D1BC598CB00370F65 /* Sources */ = {
			isa = PBXSourcesBuildPhase;
			buildActionMask = 2147483647;
			files = (
				FFFF7CA51BC598CB00370F65 /* main.cpp in Sources */,
			);
			runOnlyForDeploymentPostprocessing = 0;
		};
/* End PBXSourcesBuildPhase section */

/* Begin XCBuildConfiguration section */
		FFFF7CA61BC598CB00370F65 /* Debug */ = {
			isa = XCBuildConfiguration;
			buildSettings = {
				ALWAYS_SEARCH_USER_PATHS = NO;
				CLANG_CXX_LANGUAGE_STANDARD = "gnu++0x";
				CLANG_CXX_LIBRARY = "libc++";
				CLANG_ENABLE_MODULES = YES;
				CLANG_ENABLE_OBJC_ARC = YES;
				CLANG_WARN_BOOL_CONVERSION = YES;
				CLANG_WARN_CONSTANT_CONVERSION = YES;
				CLANG_WARN_DIRECT_OBJC_ISA_USAGE = YES_ERROR;
				CLANG_WARN_EMPTY_BODY = YES;
				CLANG_WARN_ENUM_CONVERSION = YES;
				CLANG_WARN_INT_CONVERSION = YES;
				CLANG_WARN_OBJC_ROOT_CLASS = YES_ERROR;
				CLANG_WARN_UNREACHABLE_CODE = YES;
				CLANG_WARN__DUPLICATE_METHOD_MATCH = YES;
				COPY_PHASE_STRIP = NO;
				DEBUG_INFORMATION_FORMAT = dwarf;
				ENABLE_STRICT_OBJC_MSGSEND = YES;
				ENABLE_TESTABILITY = YES;
				GCC_C_LANGUAGE_STANDARD = gnu99;
				GCC_DYNAMIC_NO_PIC = NO;
				GCC_NO_COMMON_BLOCKS = YES;
				GCC_OPTIMIZATION_LEVEL = 0;
				GCC_PREPROCESSOR_DEFINITIONS = (
					"DEBUG=1",
					"$(inherited)",
				);
				GCC_WARN_64_TO_32_BIT_CONVERSION = YES;
				GCC_WARN_ABOUT_RETURN_TYPE = YES_ERROR;
				GCC_WARN_UNDECLARED_SELECTOR = YES;
				GCC_WARN_UNINITIALIZED_AUTOS = YES_AGGRESSIVE;
				GCC_WARN_UNUSED_FUNCTION = YES;
				GCC_WARN_UNUSED_VARIABLE = YES;
				MACOSX_DEPLOYMENT_TARGET = 10.10;
				MTL_ENABLE_DEBUG_INFO = YES;
				ONLY_ACTIVE_ARCH = YES;
				SDKROOT = macosx;
			};
			name = Debug;
		};
		FFFF7CA71BC598CB00370F65 /* Release */ = {
			isa = XCBuildConfiguration;
			buildSettings = {
				ALWAYS_SEARCH_USER_PATHS = NO;
				CLANG_CXX_LANGUAGE_STANDARD = "gnu++0x";
				CLANG_CXX_LIBRARY = "libc++";
				CLANG_ENABLE_MODULES = YES;
				CLANG_ENABLE_OBJC_ARC = YES;
				CLANG_WARN_BOOL_CONVERSION = YES;
				CLANG_WARN_CONSTANT_CONVERSION = YES;
				CLANG_WARN_DIRECT_OBJC_ISA_USAGE = YES_ERROR;
				CLANG_WARN_EMPTY_BODY = YES;
				CLANG_WARN_ENUM_CONVERSION = YES;
				CLANG_WARN_INT_CONVERSION = YES;
				CLANG_WARN_OBJC_ROOT_CLASS = YES_ERROR;
				CLANG_WARN_UNREACHABLE_CODE = YES;
				CLANG_WARN__DUPLICATE_METHOD_MATCH = YES;
				COPY_PHASE_STRIP = NO;
				DEBUG_INFORMATION_FORMAT = "dwarf-with-dsym";
				ENABLE_NS_ASSERTIONS = NO;
				ENABLE_STRICT_OBJC_MSGSEND = YES;
				GCC_C_LANGUAGE_STANDARD = gnu99;
				GCC_NO_COMMON_BLOCKS = YES;
				GCC_WARN_64_TO_32_BIT_CONVERSION = YES;
				GCC_WARN_ABOUT_RETURN_TYPE = YES_ERROR;
				GCC_WARN_UNDECLARED_SELECTOR = YES;
				GCC_WARN_UNINITIALIZED_AUTOS = YES_AGGRESSIVE;
				GCC_WARN_UNUSED_FUNCTION = YES;
				GCC_WARN_UNUSED_VARIABLE = YES;
				MACOSX_DEPLOYMENT_TARGET = 10.10;
				MTL_ENABLE_DEBUG_INFO = NO;
				SDKROOT = macosx;
			};
			name = Release;
		};
		FFFF7CA91BC598CB00370F65 /* Debug */ = {
			isa = XCBuildConfiguration;
			buildSettings = {
				PRODUCT_NAME = "$(TARGET_NAME)";
			};
			name = Debug;
		};
		FFFF7CAA1BC598CB00370F65 /* Release */ = {
			isa = XCBuildConfiguration;
			buildSettings = {
				PRODUCT_NAME = "$(TARGET_NAME)";
			};
			name = Release;
		};
/* End XCBuildConfiguration section */

/* Begin XCConfigurationList section */
		FFFF7C9C1BC598CB00370F65 /* Build configuration list for PBXProject "编程题＃2: 二维数组右上左下遍历" */ = {
			isa = XCConfigurationList;
			buildConfigurations = (
				FFFF7CA61BC598CB00370F65 /* Debug */,
				FFFF7CA71BC598CB00370F65 /* Release */,
			);
			defaultConfigurationIsVisible = 0;
			defaultConfigurationName = Release;
		};
		FFFF7CA81BC598CB00370F65 /* Build configuration list for PBXNativeTarget "编程题＃2: 二维数组右上左下遍历" */ = {
			isa = XCConfigurationList;
			buildConfigurations = (
				FFFF7CA91BC598CB00370F65 /* Debug */,
				FFFF7CAA1BC598CB00370F65 /* Release */,
			);
			defaultConfigurationIsVisible = 0;
		};
/* End XCConfigurationList section */
	};
	rootObject = FFFF7C991BC598CA00370F65 /* Project object */;
}
