// !$*UTF8*$!
{
	archiveVersion = 1;
	classes = {
	};
	objectVersion = 46;
	objects = {

/* Begin PBXBuildFile section */
		FFB279061B6478CB0045DF10 /* main.cpp in Sources */ = {isa = PBXBuildFile; fileRef = FFB279051B6478CB0045DF10 /* main.cpp */; };
/* End PBXBuildFile section */

/* Begin PBXCopyFilesBuildPhase section */
		FFB279001B6478CB0045DF10 /* CopyFiles */ = {
			isa = PBXCopyFilesBuildPhase;
			buildActionMask = 2147483647;
			dstPath = /usr/share/man/man1/;
			dstSubfolderSpec = 0;
			files = (
			);
			runOnlyForDeploymentPostprocessing = 1;
		};
/* End PBXCopyFilesBuildPhase section */

/* Begin PBXFileReference section */
		FFB279021B6478CB0045DF10 /* 抄写题＃1：细菌实验分组 */ = {isa = PBXFileReference; explicitFileType = "compiled.mach-o.executable"; includeInIndex = 0; path = "抄写题＃1：细菌实验分组"; sourceTree = BUILT_PRODUCTS_DIR; };
		FFB279051B6478CB0045DF10 /* main.cpp */ = {isa = PBXFileReference; lastKnownFileType = sourcecode.cpp.cpp; path = main.cpp; sourceTree = "<group>"; };
/* End PBXFileReference section */

/* Begin PBXFrameworksBuildPhase section */
		FFB278FF1B6478CB0045DF10 /* Frameworks */ = {
			isa = PBXFrameworksBuildPhase;
			buildActionMask = 2147483647;
			files = (
			);
			runOnlyForDeploymentPostprocessing = 0;
		};
/* End PBXFrameworksBuildPhase section */

/* Begin PBXGroup section */
		FFB278F91B6478CA0045DF10 = {
			isa = PBXGroup;
			children = (
				FFB279041B6478CB0045DF10 /* 抄写题＃1：细菌实验分组 */,
				FFB279031B6478CB0045DF10 /* Products */,
			);
			sourceTree = "<group>";
		};
		FFB279031B6478CB0045DF10 /* Products */ = {
			isa = PBXGroup;
			children = (
				FFB279021B6478CB0045DF10 /* 抄写题＃1：细菌实验分组 */,
			);
			name = Products;
			sourceTree = "<group>";
		};
		FFB279041B6478CB0045DF10 /* 抄写题＃1：细菌实验分组 */ = {
			isa = PBXGroup;
			children = (
				FFB279051B6478CB0045DF10 /* main.cpp */,
			);
			path = "抄写题＃1：细菌实验分组";
			sourceTree = "<group>";
		};
/* End PBXGroup section */

/* Begin PBXNativeTarget section */
		FFB279011B6478CB0045DF10 /* 抄写题＃1：细菌实验分组 */ = {
			isa = PBXNativeTarget;
			buildConfigurationList = FFB279091B6478CB0045DF10 /* Build configuration list for PBXNativeTarget "抄写题＃1：细菌实验分组" */;
			buildPhases = (
				FFB278FE1B6478CB0045DF10 /* Sources */,
				FFB278FF1B6478CB0045DF10 /* Frameworks */,
				FFB279001B6478CB0045DF10 /* CopyFiles */,
			);
			buildRules = (
			);
			dependencies = (
			);
			name = "抄写题＃1：细菌实验分组";
			productName = "抄写题＃1：细菌实验分组";
			productReference = FFB279021B6478CB0045DF10 /* 抄写题＃1：细菌实验分组 */;
			productType = "com.apple.product-type.tool";
		};
/* End PBXNativeTarget section */

/* Begin PBXProject section */
		FFB278FA1B6478CA0045DF10 /* Project object */ = {
			isa = PBXProject;
			attributes = {
				LastUpgradeCheck = 0700;
				ORGANIZATIONNAME = CYC;
				TargetAttributes = {
					FFB279011B6478CB0045DF10 = {
						CreatedOnToolsVersion = 7.0;
					};
				};
			};
			buildConfigurationList = FFB278FD1B6478CA0045DF10 /* Build configuration list for PBXProject "抄写题＃1：细菌实验分组" */;
			compatibilityVersion = "Xcode 3.2";
			developmentRegion = English;
			hasScannedForEncodings = 0;
			knownRegions = (
				en,
			);
			mainGroup = FFB278F91B6478CA0045DF10;
			productRefGroup = FFB279031B6478CB0045DF10 /* Products */;
			projectDirPath = "";
			projectRoot = "";
			targets = (
				FFB279011B6478CB0045DF10 /* 抄写题＃1：细菌实验分组 */,
			);
		};
/* End PBXProject section */

/* Begin PBXSourcesBuildPhase section */
		FFB278FE1B6478CB0045DF10 /* Sources */ = {
			isa = PBXSourcesBuildPhase;
			buildActionMask = 2147483647;
			files = (
				FFB279061B6478CB0045DF10 /* main.cpp in Sources */,
			);
			runOnlyForDeploymentPostprocessing = 0;
		};
/* End PBXSourcesBuildPhase section */

/* Begin XCBuildConfiguration section */
		FFB279071B6478CB0045DF10 /* Debug */ = {
			isa = XCBuildConfiguration;
			buildSettings = {
				ALWAYS_SEARCH_USER_PATHS = NO;
				CLANG_CXX_LANGUAGE_STANDARD = "gnu++0x";
				CLANG_CXX_LIBRARY = "libc++";
				CLANG_ENABLE_MODULES = YES;
				CLANG_ENABLE_OBJC_ARC = YES;
				CLANG_WARN_BOOL_CONVERSION = YES;
				CLANG_WARN_CONSTANT_CONVERSION = YES;
				CLANG_WARN_DIRECT_OBJC_ISA_USAGE = YES_ERROR;
				CLANG_WARN_EMPTY_BODY = YES;
				CLANG_WARN_ENUM_CONVERSION = YES;
				CLANG_WARN_INT_CONVERSION = YES;
				CLANG_WARN_OBJC_ROOT_CLASS = YES_ERROR;
				CLANG_WARN_UNREACHABLE_CODE = YES;
				CLANG_WARN__DUPLICATE_METHOD_MATCH = YES;
				COPY_PHASE_STRIP = NO;
				DEBUG_INFORMATION_FORMAT = dwarf;
				ENABLE_STRICT_OBJC_MSGSEND = YES;
				ENABLE_TESTABILITY = YES;
				GCC_C_LANGUAGE_STANDARD = gnu99;
				GCC_DYNAMIC_NO_PIC = NO;
				GCC_NO_COMMON_BLOCKS = YES;
				GCC_OPTIMIZATION_LEVEL = 0;
				GCC_PREPROCESSOR_DEFINITIONS = (
					"DEBUG=1",
					"$(inherited)",
				);
				GCC_WARN_64_TO_32_BIT_CONVERSION = YES;
				GCC_WARN_ABOUT_RETURN_TYPE = YES_ERROR;
				GCC_WARN_UNDECLARED_SELECTOR = YES;
				GCC_WARN_UNINITIALIZED_AUTOS = YES_AGGRESSIVE;
				GCC_WARN_UNUSED_FUNCTION = YES;
				GCC_WARN_UNUSED_VARIABLE = YES;
				MACOSX_DEPLOYMENT_TARGET = 10.10;
				MTL_ENABLE_DEBUG_INFO = YES;
				ONLY_ACTIVE_ARCH = YES;
				SDKROOT = macosx;
			};
			name = Debug;
		};
		FFB279081B6478CB0045DF10 /* Release */ = {
			isa = XCBuildConfiguration;
			buildSettings = {
				ALWAYS_SEARCH_USER_PATHS = NO;
				CLANG_CXX_LANGUAGE_STANDARD = "gnu++0x";
				CLANG_CXX_LIBRARY = "libc++";
				CLANG_ENABLE_MODULES = YES;
				CLANG_ENABLE_OBJC_ARC = YES;
				CLANG_WARN_BOOL_CONVERSION = YES;
				CLANG_WARN_CONSTANT_CONVERSION = YES;
				CLANG_WARN_DIRECT_OBJC_ISA_USAGE = YES_ERROR;
				CLANG_WARN_EMPTY_BODY = YES;
				CLANG_WARN_ENUM_CONVERSION = YES;
				CLANG_WARN_INT_CONVERSION = YES;
				CLANG_WARN_OBJC_ROOT_CLASS = YES_ERROR;
				CLANG_WARN_UNREACHABLE_CODE = YES;
				CLANG_WARN__DUPLICATE_METHOD_MATCH = YES;
				COPY_PHASE_STRIP = NO;
				DEBUG_INFORMATION_FORMAT = "dwarf-with-dsym";
				ENABLE_NS_ASSERTIONS = NO;
				ENABLE_STRICT_OBJC_MSGSEND = YES;
				GCC_C_LANGUAGE_STANDARD = gnu99;
				GCC_NO_COMMON_BLOCKS = YES;
				GCC_WARN_64_TO_32_BIT_CONVERSION = YES;
				GCC_WARN_ABOUT_RETURN_TYPE = YES_ERROR;
				GCC_WARN_UNDECLARED_SELECTOR = YES;
				GCC_WARN_UNINITIALIZED_AUTOS = YES_AGGRESSIVE;
				GCC_WARN_UNUSED_FUNCTION = YES;
				GCC_WARN_UNUSED_VARIABLE = YES;
				MACOSX_DEPLOYMENT_TARGET = 10.10;
				MTL_ENABLE_DEBUG_INFO = NO;
				SDKROOT = macosx;
			};
			name = Release;
		};
		FFB2790A1B6478CB0045DF10 /* Debug */ = {
			isa = XCBuildConfiguration;
			buildSettings = {
				PRODUCT_NAME = "$(TARGET_NAME)";
			};
			name = Debug;
		};
		FFB2790B1B6478CB0045DF10 /* Release */ = {
			isa = XCBuildConfiguration;
			buildSettings = {
				PRODUCT_NAME = "$(TARGET_NAME)";
			};
			name = Release;
		};
/* End XCBuildConfiguration section */

/* Begin XCConfigurationList section */
		FFB278FD1B6478CA0045DF10 /* Build configuration list for PBXProject "抄写题＃1：细菌实验分组" */ = {
			isa = XCConfigurationList;
			buildConfigurations = (
				FFB279071B6478CB0045DF10 /* Debug */,
				FFB279081B6478CB0045DF10 /* Release */,
			);
			defaultConfigurationIsVisible = 0;
			defaultConfigurationName = Release;
		};
		FFB279091B6478CB0045DF10 /* Build configuration list for PBXNativeTarget "抄写题＃1：细菌实验分组" */ = {
			isa = XCConfigurationList;
			buildConfigurations = (
				FFB2790A1B6478CB0045DF10 /* Debug */,
				FFB2790B1B6478CB0045DF10 /* Release */,
			);
			defaultConfigurationIsVisible = 0;
		};
/* End XCConfigurationList section */
	};
	rootObject = FFB278FA1B6478CA0045DF10 /* Project object */;
}
