// !$*UTF8*$!
{
	archiveVersion = 1;
	classes = {
	};
	objectVersion = 46;
	objects = {

/* Begin PBXBuildFile section */
		FF2F8B091B6AD50000E925EE /* main.cpp in Sources */ = {isa = PBXBuildFile; fileRef = FF2F8B081B6AD50000E925EE /* main.cpp */; };
/* End PBXBuildFile section */

/* Begin PBXCopyFilesBuildPhase section */
		FF2F8B031B6AD50000E925EE /* CopyFiles */ = {
			isa = PBXCopyFilesBuildPhase;
			buildActionMask = 2147483647;
			dstPath = /usr/share/man/man1/;
			dstSubfolderSpec = 0;
			files = (
			);
			runOnlyForDeploymentPostprocessing = 1;
		};
/* End PBXCopyFilesBuildPhase section */

/* Begin PBXFileReference section */
		FF2F8B051B6AD50000E925EE /* 编程题＃4：人民币支付 */ = {isa = PBXFileReference; explicitFileType = "compiled.mach-o.executable"; includeInIndex = 0; path = "编程题＃4：人民币支付"; sourceTree = BUILT_PRODUCTS_DIR; };
		FF2F8B081B6AD50000E925EE /* main.cpp */ = {isa = PBXFileReference; lastKnownFileType = sourcecode.cpp.cpp; path = main.cpp; sourceTree = "<group>"; };
/* End PBXFileReference section */

/* Begin PBXFrameworksBuildPhase section */
		FF2F8B021B6AD50000E925EE /* Frameworks */ = {
			isa = PBXFrameworksBuildPhase;
			buildActionMask = 2147483647;
			files = (
			);
			runOnlyForDeploymentPostprocessing = 0;
		};
/* End PBXFrameworksBuildPhase section */

/* Begin PBXGroup section */
		FF2F8AFC1B6AD50000E925EE = {
			isa = PBXGroup;
			children = (
				FF2F8B071B6AD50000E925EE /* 编程题＃4：人民币支付 */,
				FF2F8B061B6AD50000E925EE /* Products */,
			);
			sourceTree = "<group>";
		};
		FF2F8B061B6AD50000E925EE /* Products */ = {
			isa = PBXGroup;
			children = (
				FF2F8B051B6AD50000E925EE /* 编程题＃4：人民币支付 */,
			);
			name = Products;
			sourceTree = "<group>";
		};
		FF2F8B071B6AD50000E925EE /* 编程题＃4：人民币支付 */ = {
			isa = PBXGroup;
			children = (
				FF2F8B081B6AD50000E925EE /* main.cpp */,
			);
			path = "编程题＃4：人民币支付";
			sourceTree = "<group>";
		};
/* End PBXGroup section */

/* Begin PBXNativeTarget section */
		FF2F8B041B6AD50000E925EE /* 编程题＃4：人民币支付 */ = {
			isa = PBXNativeTarget;
			buildConfigurationList = FF2F8B0C1B6AD50000E925EE /* Build configuration list for PBXNativeTarget "编程题＃4：人民币支付" */;
			buildPhases = (
				FF2F8B011B6AD50000E925EE /* Sources */,
				FF2F8B021B6AD50000E925EE /* Frameworks */,
				FF2F8B031B6AD50000E925EE /* CopyFiles */,
			);
			buildRules = (
			);
			dependencies = (
			);
			name = "编程题＃4：人民币支付";
			productName = "编程题＃4：人民币支付";
			productReference = FF2F8B051B6AD50000E925EE /* 编程题＃4：人民币支付 */;
			productType = "com.apple.product-type.tool";
		};
/* End PBXNativeTarget section */

/* Begin PBXProject section */
		FF2F8AFD1B6AD50000E925EE /* Project object */ = {
			isa = PBXProject;
			attributes = {
				LastUpgradeCheck = 0700;
				ORGANIZATIONNAME = CYC;
				TargetAttributes = {
					FF2F8B041B6AD50000E925EE = {
						CreatedOnToolsVersion = 7.0;
					};
				};
			};
			buildConfigurationList = FF2F8B001B6AD50000E925EE /* Build configuration list for PBXProject "编程题＃4：人民币支付" */;
			compatibilityVersion = "Xcode 3.2";
			developmentRegion = English;
			hasScannedForEncodings = 0;
			knownRegions = (
				en,
			);
			mainGroup = FF2F8AFC1B6AD50000E925EE;
			productRefGroup = FF2F8B061B6AD50000E925EE /* Products */;
			projectDirPath = "";
			projectRoot = "";
			targets = (
				FF2F8B041B6AD50000E925EE /* 编程题＃4：人民币支付 */,
			);
		};
/* End PBXProject section */

/* Begin PBXSourcesBuildPhase section */
		FF2F8B011B6AD50000E925EE /* Sources */ = {
			isa = PBXSourcesBuildPhase;
			buildActionMask = 2147483647;
			files = (
				FF2F8B091B6AD50000E925EE /* main.cpp in Sources */,
			);
			runOnlyForDeploymentPostprocessing = 0;
		};
/* End PBXSourcesBuildPhase section */

/* Begin XCBuildConfiguration section */
		FF2F8B0A1B6AD50000E925EE /* Debug */ = {
			isa = XCBuildConfiguration;
			buildSettings = {
				ALWAYS_SEARCH_USER_PATHS = NO;
				CLANG_CXX_LANGUAGE_STANDARD = "gnu++0x";
				CLANG_CXX_LIBRARY = "libc++";
				CLANG_ENABLE_MODULES = YES;
				CLANG_ENABLE_OBJC_ARC = YES;
				CLANG_WARN_BOOL_CONVERSION = YES;
				CLANG_WARN_CONSTANT_CONVERSION = YES;
				CLANG_WARN_DIRECT_OBJC_ISA_USAGE = YES_ERROR;
				CLANG_WARN_EMPTY_BODY = YES;
				CLANG_WARN_ENUM_CONVERSION = YES;
				CLANG_WARN_INT_CONVERSION = YES;
				CLANG_WARN_OBJC_ROOT_CLASS = YES_ERROR;
				CLANG_WARN_UNREACHABLE_CODE = YES;
				CLANG_WARN__DUPLICATE_METHOD_MATCH = YES;
				COPY_PHASE_STRIP = NO;
				DEBUG_INFORMATION_FORMAT = dwarf;
				ENABLE_STRICT_OBJC_MSGSEND = YES;
				ENABLE_TESTABILITY = YES;
				GCC_C_LANGUAGE_STANDARD = gnu99;
				GCC_DYNAMIC_NO_PIC = NO;
				GCC_NO_COMMON_BLOCKS = YES;
				GCC_OPTIMIZATION_LEVEL = 0;
				GCC_PREPROCESSOR_DEFINITIONS = (
					"DEBUG=1",
					"$(inherited)",
				);
				GCC_WARN_64_TO_32_BIT_CONVERSION = YES;
				GCC_WARN_ABOUT_RETURN_TYPE = YES_ERROR;
				GCC_WARN_UNDECLARED_SELECTOR = YES;
				GCC_WARN_UNINITIALIZED_AUTOS = YES_AGGRESSIVE;
				GCC_WARN_UNUSED_FUNCTION = YES;
				GCC_WARN_UNUSED_VARIABLE = YES;
				MACOSX_DEPLOYMENT_TARGET = 10.10;
				MTL_ENABLE_DEBUG_INFO = YES;
				ONLY_ACTIVE_ARCH = YES;
				SDKROOT = macosx;
			};
			name = Debug;
		};
		FF2F8B0B1B6AD50000E925EE /* Release */ = {
			isa = XCBuildConfiguration;
			buildSettings = {
				ALWAYS_SEARCH_USER_PATHS = NO;
				CLANG_CXX_LANGUAGE_STANDARD = "gnu++0x";
				CLANG_CXX_LIBRARY = "libc++";
				CLANG_ENABLE_MODULES = YES;
				CLANG_ENABLE_OBJC_ARC = YES;
				CLANG_WARN_BOOL_CONVERSION = YES;
				CLANG_WARN_CONSTANT_CONVERSION = YES;
				CLANG_WARN_DIRECT_OBJC_ISA_USAGE = YES_ERROR;
				CLANG_WARN_EMPTY_BODY = YES;
				CLANG_WARN_ENUM_CONVERSION = YES;
				CLANG_WARN_INT_CONVERSION = YES;
				CLANG_WARN_OBJC_ROOT_CLASS = YES_ERROR;
				CLANG_WARN_UNREACHABLE_CODE = YES;
				CLANG_WARN__DUPLICATE_METHOD_MATCH = YES;
				COPY_PHASE_STRIP = NO;
				DEBUG_INFORMATION_FORMAT = "dwarf-with-dsym";
				ENABLE_NS_ASSERTIONS = NO;
				ENABLE_STRICT_OBJC_MSGSEND = YES;
				GCC_C_LANGUAGE_STANDARD = gnu99;
				GCC_NO_COMMON_BLOCKS = YES;
				GCC_WARN_64_TO_32_BIT_CONVERSION = YES;
				GCC_WARN_ABOUT_RETURN_TYPE = YES_ERROR;
				GCC_WARN_UNDECLARED_SELECTOR = YES;
				GCC_WARN_UNINITIALIZED_AUTOS = YES_AGGRESSIVE;
				GCC_WARN_UNUSED_FUNCTION = YES;
				GCC_WARN_UNUSED_VARIABLE = YES;
				MACOSX_DEPLOYMENT_TARGET = 10.10;
				MTL_ENABLE_DEBUG_INFO = NO;
				SDKROOT = macosx;
			};
			name = Release;
		};
		FF2F8B0D1B6AD50000E925EE /* Debug */ = {
			isa = XCBuildConfiguration;
			buildSettings = {
				PRODUCT_NAME = "$(TARGET_NAME)";
			};
			name = Debug;
		};
		FF2F8B0E1B6AD50000E925EE /* Release */ = {
			isa = XCBuildConfiguration;
			buildSettings = {
				PRODUCT_NAME = "$(TARGET_NAME)";
			};
			name = Release;
		};
/* End XCBuildConfiguration section */

/* Begin XCConfigurationList section */
		FF2F8B001B6AD50000E925EE /* Build configuration list for PBXProject "编程题＃4：人民币支付" */ = {
			isa = XCConfigurationList;
			buildConfigurations = (
				FF2F8B0A1B6AD50000E925EE /* Debug */,
				FF2F8B0B1B6AD50000E925EE /* Release */,
			);
			defaultConfigurationIsVisible = 0;
			defaultConfigurationName = Release;
		};
		FF2F8B0C1B6AD50000E925EE /* Build configuration list for PBXNativeTarget "编程题＃4：人民币支付" */ = {
			isa = XCConfigurationList;
			buildConfigurations = (
				FF2F8B0D1B6AD50000E925EE /* Debug */,
				FF2F8B0E1B6AD50000E925EE /* Release */,
			);
			defaultConfigurationIsVisible = 0;
		};
/* End XCConfigurationList section */
	};
	rootObject = FF2F8AFD1B6AD50000E925EE /* Project object */;
}
