// !$*UTF8*$!
{
	archiveVersion = 1;
	classes = {
	};
	objectVersion = 46;
	objects = {

/* Begin PBXBuildFile section */
		FF93414D1C45B63200248044 /* main.cpp in Sources */ = {isa = PBXBuildFile; fileRef = FF93414C1C45B63200248044 /* main.cpp */; };
/* End PBXBuildFile section */

/* Begin PBXCopyFilesBuildPhase section */
		FF9341471C45B63200248044 /* CopyFiles */ = {
			isa = PBXCopyFilesBuildPhase;
			buildActionMask = 2147483647;
			dstPath = /usr/share/man/man1/;
			dstSubfolderSpec = 0;
			files = (
			);
			runOnlyForDeploymentPostprocessing = 1;
		};
/* End PBXCopyFilesBuildPhase section */

/* Begin PBXFileReference section */
		FF9341491C45B63200248044 /* 编程题＃2： Charm Bracelet */ = {isa = PBXFileReference; explicitFileType = "compiled.mach-o.executable"; includeInIndex = 0; path = "编程题＃2： Charm Bracelet"; sourceTree = BUILT_PRODUCTS_DIR; };
		FF93414C1C45B63200248044 /* main.cpp */ = {isa = PBXFileReference; lastKnownFileType = sourcecode.cpp.cpp; path = main.cpp; sourceTree = "<group>"; };
/* End PBXFileReference section */

/* Begin PBXFrameworksBuildPhase section */
		FF9341461C45B63200248044 /* Frameworks */ = {
			isa = PBXFrameworksBuildPhase;
			buildActionMask = 2147483647;
			files = (
			);
			runOnlyForDeploymentPostprocessing = 0;
		};
/* End PBXFrameworksBuildPhase section */

/* Begin PBXGroup section */
		FF9341401C45B63200248044 = {
			isa = PBXGroup;
			children = (
				FF93414B1C45B63200248044 /* 编程题＃2： Charm Bracelet */,
				FF93414A1C45B63200248044 /* Products */,
			);
			sourceTree = "<group>";
		};
		FF93414A1C45B63200248044 /* Products */ = {
			isa = PBXGroup;
			children = (
				FF9341491C45B63200248044 /* 编程题＃2： Charm Bracelet */,
			);
			name = Products;
			sourceTree = "<group>";
		};
		FF93414B1C45B63200248044 /* 编程题＃2： Charm Bracelet */ = {
			isa = PBXGroup;
			children = (
				FF93414C1C45B63200248044 /* main.cpp */,
			);
			path = "编程题＃2： Charm Bracelet";
			sourceTree = "<group>";
		};
/* End PBXGroup section */

/* Begin PBXNativeTarget section */
		FF9341481C45B63200248044 /* 编程题＃2： Charm Bracelet */ = {
			isa = PBXNativeTarget;
			buildConfigurationList = FF9341501C45B63200248044 /* Build configuration list for PBXNativeTarget "编程题＃2： Charm Bracelet" */;
			buildPhases = (
				FF9341451C45B63200248044 /* Sources */,
				FF9341461C45B63200248044 /* Frameworks */,
				FF9341471C45B63200248044 /* CopyFiles */,
			);
			buildRules = (
			);
			dependencies = (
			);
			name = "编程题＃2： Charm Bracelet";
			productName = "编程题＃2： Charm Bracelet";
			productReference = FF9341491C45B63200248044 /* 编程题＃2： Charm Bracelet */;
			productType = "com.apple.product-type.tool";
		};
/* End PBXNativeTarget section */

/* Begin PBXProject section */
		FF9341411C45B63200248044 /* Project object */ = {
			isa = PBXProject;
			attributes = {
				LastUpgradeCheck = 0700;
				ORGANIZATIONNAME = CYC;
				TargetAttributes = {
					FF9341481C45B63200248044 = {
						CreatedOnToolsVersion = 7.0;
					};
				};
			};
			buildConfigurationList = FF9341441C45B63200248044 /* Build configuration list for PBXProject "编程题＃2： Charm Bracelet" */;
			compatibilityVersion = "Xcode 3.2";
			developmentRegion = English;
			hasScannedForEncodings = 0;
			knownRegions = (
				en,
			);
			mainGroup = FF9341401C45B63200248044;
			productRefGroup = FF93414A1C45B63200248044 /* Products */;
			projectDirPath = "";
			projectRoot = "";
			targets = (
				FF9341481C45B63200248044 /* 编程题＃2： Charm Bracelet */,
			);
		};
/* End PBXProject section */

/* Begin PBXSourcesBuildPhase section */
		FF9341451C45B63200248044 /* Sources */ = {
			isa = PBXSourcesBuildPhase;
			buildActionMask = 2147483647;
			files = (
				FF93414D1C45B63200248044 /* main.cpp in Sources */,
			);
			runOnlyForDeploymentPostprocessing = 0;
		};
/* End PBXSourcesBuildPhase section */

/* Begin XCBuildConfiguration section */
		FF93414E1C45B63200248044 /* Debug */ = {
			isa = XCBuildConfiguration;
			buildSettings = {
				ALWAYS_SEARCH_USER_PATHS = NO;
				CLANG_CXX_LANGUAGE_STANDARD = "gnu++0x";
				CLANG_CXX_LIBRARY = "libc++";
				CLANG_ENABLE_MODULES = YES;
				CLANG_ENABLE_OBJC_ARC = YES;
				CLANG_WARN_BOOL_CONVERSION = YES;
				CLANG_WARN_CONSTANT_CONVERSION = YES;
				CLANG_WARN_DIRECT_OBJC_ISA_USAGE = YES_ERROR;
				CLANG_WARN_EMPTY_BODY = YES;
				CLANG_WARN_ENUM_CONVERSION = YES;
				CLANG_WARN_INT_CONVERSION = YES;
				CLANG_WARN_OBJC_ROOT_CLASS = YES_ERROR;
				CLANG_WARN_UNREACHABLE_CODE = YES;
				CLANG_WARN__DUPLICATE_METHOD_MATCH = YES;
				COPY_PHASE_STRIP = NO;
				DEBUG_INFORMATION_FORMAT = dwarf;
				ENABLE_STRICT_OBJC_MSGSEND = YES;
				ENABLE_TESTABILITY = YES;
				GCC_C_LANGUAGE_STANDARD = gnu99;
				GCC_DYNAMIC_NO_PIC = NO;
				GCC_NO_COMMON_BLOCKS = YES;
				GCC_OPTIMIZATION_LEVEL = 0;
				GCC_PREPROCESSOR_DEFINITIONS = (
					"DEBUG=1",
					"$(inherited)",
				);
				GCC_WARN_64_TO_32_BIT_CONVERSION = YES;
				GCC_WARN_ABOUT_RETURN_TYPE = YES_ERROR;
				GCC_WARN_UNDECLARED_SELECTOR = YES;
				GCC_WARN_UNINITIALIZED_AUTOS = YES_AGGRESSIVE;
				GCC_WARN_UNUSED_FUNCTION = YES;
				GCC_WARN_UNUSED_VARIABLE = YES;
				MACOSX_DEPLOYMENT_TARGET = 10.11;
				MTL_ENABLE_DEBUG_INFO = YES;
				ONLY_ACTIVE_ARCH = YES;
				SDKROOT = macosx;
			};
			name = Debug;
		};
		FF93414F1C45B63200248044 /* Release */ = {
			isa = XCBuildConfiguration;
			buildSettings = {
				ALWAYS_SEARCH_USER_PATHS = NO;
				CLANG_CXX_LANGUAGE_STANDARD = "gnu++0x";
				CLANG_CXX_LIBRARY = "libc++";
				CLANG_ENABLE_MODULES = YES;
				CLANG_ENABLE_OBJC_ARC = YES;
				CLANG_WARN_BOOL_CONVERSION = YES;
				CLANG_WARN_CONSTANT_CONVERSION = YES;
				CLANG_WARN_DIRECT_OBJC_ISA_USAGE = YES_ERROR;
				CLANG_WARN_EMPTY_BODY = YES;
				CLANG_WARN_ENUM_CONVERSION = YES;
				CLANG_WARN_INT_CONVERSION = YES;
				CLANG_WARN_OBJC_ROOT_CLASS = YES_ERROR;
				CLANG_WARN_UNREACHABLE_CODE = YES;
				CLANG_WARN__DUPLICATE_METHOD_MATCH = YES;
				COPY_PHASE_STRIP = NO;
				DEBUG_INFORMATION_FORMAT = "dwarf-with-dsym";
				ENABLE_NS_ASSERTIONS = NO;
				ENABLE_STRICT_OBJC_MSGSEND = YES;
				GCC_C_LANGUAGE_STANDARD = gnu99;
				GCC_NO_COMMON_BLOCKS = YES;
				GCC_WARN_64_TO_32_BIT_CONVERSION = YES;
				GCC_WARN_ABOUT_RETURN_TYPE = YES_ERROR;
				GCC_WARN_UNDECLARED_SELECTOR = YES;
				GCC_WARN_UNINITIALIZED_AUTOS = YES_AGGRESSIVE;
				GCC_WARN_UNUSED_FUNCTION = YES;
				GCC_WARN_UNUSED_VARIABLE = YES;
				MACOSX_DEPLOYMENT_TARGET = 10.11;
				MTL_ENABLE_DEBUG_INFO = NO;
				SDKROOT = macosx;
			};
			name = Release;
		};
		FF9341511C45B63200248044 /* Debug */ = {
			isa = XCBuildConfiguration;
			buildSettings = {
				PRODUCT_NAME = "$(TARGET_NAME)";
			};
			name = Debug;
		};
		FF9341521C45B63200248044 /* Release */ = {
			isa = XCBuildConfiguration;
			buildSettings = {
				PRODUCT_NAME = "$(TARGET_NAME)";
			};
			name = Release;
		};
/* End XCBuildConfiguration section */

/* Begin XCConfigurationList section */
		FF9341441C45B63200248044 /* Build configuration list for PBXProject "编程题＃2： Charm Bracelet" */ = {
			isa = XCConfigurationList;
			buildConfigurations = (
				FF93414E1C45B63200248044 /* Debug */,
				FF93414F1C45B63200248044 /* Release */,
			);
			defaultConfigurationIsVisible = 0;
			defaultConfigurationName = Release;
		};
		FF9341501C45B63200248044 /* Build configuration list for PBXNativeTarget "编程题＃2： Charm Bracelet" */ = {
			isa = XCConfigurationList;
			buildConfigurations = (
				FF9341511C45B63200248044 /* Debug */,
				FF9341521C45B63200248044 /* Release */,
			);
			defaultConfigurationIsVisible = 0;
		};
/* End XCConfigurationList section */
	};
	rootObject = FF9341411C45B63200248044 /* Project object */;
}
